
Microsoft Visual Studio Solution File, Format Version 12.00
# Visual Studio Version 16
VisualStudioVersion = 16.0.31019.35
MinimumVisualStudioVersion = 10.0.40219.1
Project("{9A19103F-16F7-4668-BE54-9A1E7A4F7556}") = "DockLayout", "DockLayout.csproj", "{1E8421C0-A48E-48EF-A9C7-77089B16D1B1}"
EndProject
Global
	GlobalSection(SolutionConfigurationPlatforms) = preSolution
		Debug|Any CPU = Debug|Any CPU
		Release|Any CPU = Release|Any CPU
	EndGlobalSection
	GlobalSection(ProjectConfigurationPlatforms) = postSolution
		{1E8421C0-A48E-48EF-A9C7-77089B16D1B1}.Debug|Any CPU.ActiveCfg = Debug|Any CPU
		{1E8421C0-A48E-48EF-A9C7-77089B16D1B1}.Debug|Any CPU.Build.0 = Debug|Any CPU
		{1E8421C0-A48E-48EF-A9C7-77089B16D1B1}.Release|Any CPU.ActiveCfg = Release|Any CPU
		{1E8421C0-A48E-48EF-A9C7-77089B16D1B1}.Release|Any CPU.Build.0 = Release|Any CPU
	EndGlobalSection
	GlobalSection(SolutionProperties) = preSolution
		HideSolutionNode = FALSE
	EndGlobalSection
	GlobalSection(ExtensibilityGlobals) = postSolution
		SolutionGuid = {1D2E4156-656B-49AF-92F8-82593DA544DE}
	EndGlobalSection
EndGlobal
